<Solution>
  <Project Path="Bai01/Bai01.csproj" Id="c8a8fb43-e394-42e8-8775-9255c026830c" />
  <Project Path="Bai02/Bai02.csproj" />
  <Project Path="Bai03/Bai03.csproj" />
  <Project Path="Bai04/Bai04.csproj" />
  <Project Path="Bai05/Bai05.csproj" />
  <Project Path="Bai06/Bai06.csproj" Id="91f8abb4-30c9-4550-a92e-d7865fc88d8c" />
  <Project Path="Bai07/Bai07.csproj" Id="df03a54c-b6ec-4a8d-ad79-08292f06bd1a" />
  <Project Path="Bai08/Bai08.csproj" Id="45dbf0d8-9527-45d1-9351-e2b9f8323948" />
  <Project Path="Bai09/Bai09.csproj" Id="235e036a-d517-4d92-8ecf-819a7a495f20" />
</Solution>
